{"SurveyEntry":{"SurveyID":"SV_6JSabpU6cSBKPf8","SurveyName":"Memorization Randomized","SurveyDescription":null,"SurveyOwnerID":"UR_ahLn0uyLwfVwiZE","SurveyBrandID":"illinois","DivisionID":"DV_cDdzv5dQ2hOvZQy","SurveyLanguage":"EN","SurveyActiveResponseSet":"RS_0JKPgJUn5PeRSSi","SurveyStatus":"Inactive","SurveyStartDate":"0000-00-00 00:00:00","SurveyExpirationDate":"0000-00-00 00:00:00","SurveyCreationDate":"2026-01-27 21:52:48","CreatorID":"UR_ahLn0uyLwfVwiZE","LastModified":"2026-01-27 22:11:49","LastAccessed":"0000-00-00 00:00:00","LastActivated":"0000-00-00 00:00:00","Deleted":null},"SurveyElements":[{"SurveyID":"SV_6JSabpU6cSBKPf8","Element":"BL","PrimaryAttribute":"Survey Blocks","SecondaryAttribute":null,"TertiaryAttribute":null,"Payload":[{"Type":"Default","Description":"Default Question Block","ID":"BL_5p9wT4DomrG925L","BlockElements":[{"Type":"Question","QuestionID":"QID1"},{"Type":"Question","QuestionID":"QID7"}]},{"Type":"Trash","Description":"Trash \/ Unused Questions","ID":"BL_5naiRnAXly2CRvv","BlockElements":[{"Type":"Question","QuestionID":"QID8"},{"Type":"Question","QuestionID":"QID11"}]},{"Type":"Standard","SubType":"","Description":"JFKC Block","ID":"BL_3VIG1H8rankwc5v","BlockElements":[{"Type":"Question","QuestionID":"QID2"},{"Type":"Question","QuestionID":"QID3"}]},{"Type":"Standard","SubType":"","Description":"Block 2","ID":"BL_4O2t1U2bTOYrEm9","BlockElements":[{"Type":"Question","QuestionID":"QID4"}]},{"Type":"Standard","SubType":"","Description":"Block 3","ID":"BL_2ruWjooS4hRPMHz","BlockElements":[{"Type":"Question","QuestionID":"QID5"},{"Type":"Question","QuestionID":"QID6"}],"Options":{"BlockLocking":"false","RandomizeQuestions":"false","BlockVisibility":"Expanded"}},{"Type":"Standard","SubType":"","Description":"JFK Block","ID":"BL_73gl2HmOVyOERfw","BlockElements":[{"Type":"Question","QuestionID":"QID9"},{"Type":"Question","QuestionID":"QID10"}]}]},{"SurveyID":"SV_6JSabpU6cSBKPf8","Element":"FL","PrimaryAttribute":"Survey Flow","SecondaryAttribute":null,"TertiaryAttribute":null,"Payload":{"Type":"Root","FlowID":"FL_1","Flow":[{"Type":"Block","ID":"BL_5p9wT4DomrG925L","FlowID":"FL_2","Autofill":[]},{"Type":"BlockRandomizer","FlowID":"FL_6","SubSet":1,"EvenPresentation":true,"Flow":[{"Type":"Standard","ID":"BL_3VIG1H8rankwc5v","FlowID":"FL_3","Autofill":[]},{"Type":"Standard","ID":"BL_73gl2HmOVyOERfw","FlowID":"FL_8","Autofill":[]}]},{"Type":"Standard","ID":"BL_2ruWjooS4hRPMHz","FlowID":"FL_5","Autofill":[]},{"Type":"Branch","FlowID":"FL_17","Description":"New Branch","BranchLogic":{"0":{"0":{"LogicType":"Question","QuestionID":"QID2","QuestionIsInLoop":"no","ChoiceLocator":"q:\/\/QID2\/ChoiceNumericEntryValue\/3","Operator":"NotEmpty","QuestionIDFromLocator":"QID2","LeftOperand":"q:\/\/QID2\/ChoiceNumericEntryValue\/3","Type":"Expression","Description":"<span class=\"ConjDesc\">If<\/span> <span class=\"QuestionDesc\">Timing<\/span> <span class=\"LeftOpDesc\">Page Submit<\/span> <span class=\"OpDesc\">Is Not Empty<\/span> "},"Type":"If"},"Type":"BooleanExpression"},"Flow":[{"Type":"EmbeddedData","FlowID":"FL_18","EmbeddedData":[{"Description":"Group","Type":"Custom","Field":"Group","VariableType":"String","DataVisibility":[],"AnalyzeText":false,"Value":"JFKC"}]}]},{"Type":"Branch","FlowID":"FL_19","Description":"New Branch","BranchLogic":{"0":{"0":{"LogicType":"Question","QuestionID":"QID9","QuestionIsInLoop":"no","ChoiceLocator":"q:\/\/QID9\/ChoiceNumericEntryValue\/3","Operator":"NotEmpty","QuestionIDFromLocator":"QID9","LeftOperand":"q:\/\/QID9\/ChoiceNumericEntryValue\/3","Type":"Expression","Description":"<span class=\"ConjDesc\">If<\/span> <span class=\"QuestionDesc\">Timing<\/span> <span class=\"LeftOpDesc\">Page Submit<\/span> <span class=\"OpDesc\">Is Not Empty<\/span> "},"Type":"If"},"Type":"BooleanExpression"},"Flow":[{"Type":"EmbeddedData","FlowID":"FL_20","EmbeddedData":[{"Description":"Group","Type":"Custom","Field":"Group","VariableType":"String","DataVisibility":[],"AnalyzeText":false,"Value":"JFK"}]}]},{"Type":"Standard","ID":"BL_4O2t1U2bTOYrEm9","FlowID":"FL_4","Autofill":[]}],"Properties":{"Count":20}}},{"SurveyID":"SV_6JSabpU6cSBKPf8","Element":"PL","PrimaryAttribute":"Preview Link","SecondaryAttribute":null,"TertiaryAttribute":null,"Payload":{"PreviewType":"Brand","PreviewID":"db703c51-bdae-469f-b758-6e918d1cb87d"}},{"SurveyID":"SV_6JSabpU6cSBKPf8","Element":"PROJ","PrimaryAttribute":"CORE","SecondaryAttribute":null,"TertiaryAttribute":"1.1.0","Payload":{"ProjectCategory":"CORE","SchemaVersion":"1.1.0"}},{"SurveyID":"SV_6JSabpU6cSBKPf8","Element":"QC","PrimaryAttribute":"Survey Question Count","SecondaryAttribute":"11","TertiaryAttribute":null,"Payload":null},{"SurveyID":"SV_6JSabpU6cSBKPf8","Element":"RS","PrimaryAttribute":"RS_0JKPgJUn5PeRSSi","SecondaryAttribute":"Default Response Set","TertiaryAttribute":null,"Payload":null},{"SurveyID":"SV_6JSabpU6cSBKPf8","Element":"SCO","PrimaryAttribute":"Scoring","SecondaryAttribute":null,"TertiaryAttribute":null,"Payload":{"ScoringCategories":[],"ScoringCategoryGroups":[],"ScoringSummaryCategory":null,"ScoringSummaryAfterQuestions":0,"ScoringSummaryAfterSurvey":0,"DefaultScoringCategory":null,"AutoScoringCategory":null}},{"SurveyID":"SV_6JSabpU6cSBKPf8","Element":"SO","PrimaryAttribute":"Survey Options","SecondaryAttribute":null,"TertiaryAttribute":null,"Payload":{"BackButton":"false","SaveAndContinue":"true","SurveyProtection":"PublicSurvey","BallotBoxStuffingPrevention":"false","NoIndex":"Yes","SecureResponseFiles":"true","SurveyExpiration":"None","SurveyTermination":"DefaultMessage","Header":"","Footer":"","ProgressBarDisplay":"None","PartialData":"+1 week","ValidationMessage":"","PreviousButton":" \u2190 ","NextButton":" \u2192 ","SurveyTitle":"Online Survey Software | Qualtrics Survey Solutions","SkinLibrary":"Qualtrics","SkinType":"MQ","Skin":"v4qualtrics1","NewScoring":1,"SurveyMetaDescription":"The most powerful, simple and trusted way to gather experience data. Start your journey to experience management and try a free account today."}},{"SurveyID":"SV_6JSabpU6cSBKPf8","Element":"SQ","PrimaryAttribute":"QID1","SecondaryAttribute":"You are invited to participate in our memorization survey. In this survey, your class will be ask...","TertiaryAttribute":null,"Payload":{"QuestionText":"<span style=\"color: rgb(85, 85, 85); font-family: &quot;Fira Sans&quot;, sans-serif; font-size: 18px;\">You are invited to participate in our memorization survey. In this survey, your class will be asked to complete a task that involves memorizing as many letters as you can from a sequence of 30 letters. It will take approximately 2-3 minutes to complete.<\/span><br \/>\n<br \/>\n<span style=\"color: rgb(85, 85, 85); font-family: &quot;Fira Sans&quot;, sans-serif; font-size: 18px;\">You will be able to see the letters for 20 seconds,&nbsp;after which they will be removed from your screen. You will be given a 2 minute break after those 20 seconds. Once the break is up, you will type in as many letters as you remembered.<\/span><br \/>\n<br \/>\n<span style=\"font-weight: 700; color: rgb(85, 85, 85); font-family: &quot;Fira Sans&quot;, sans-serif; font-size: 18px;\">Please do not use any writing aids to assist you in recalling the letters, just do the best you can!<\/span><br \/>\n<br \/>\n<span style=\"color: rgb(85, 85, 85); font-family: &quot;Fira Sans&quot;, sans-serif; font-size: 18px;\">Note that you will be scored on the number of consecutive letters you remembered until an error is made. If you were asked to memorize the &quot;ABCDEFG&quot; letter sequence, below are examples of scoring for that:<\/span><br \/>\n<span style=\"color: rgb(85, 85, 85); font-family: &quot;Fira Sans&quot;, sans-serif; font-size: 18px;\">&nbsp;<\/span>\n<table class=\"UserTable\">\n\t<tbody>\n\t\t<tr>\n\t\t\t<td><span style=\"font-size: 14px;\">Guess<\/span><\/td>\n\t\t\t<td><span style=\"font-size: 14px;\">Score<\/span><\/td>\n\t\t<\/tr>\n\t\t<tr>\n\t\t\t<td><span style=\"font-size: 14px;\"><span style=\"color: rgb(0, 128, 0);\">AB<\/span><span style=\"color: rgb(255, 0, 0);\">D<\/span>CEFG<\/span><\/td>\n\t\t\t<td><span style=\"font-size: 14px;\">2<\/span><\/td>\n\t\t<\/tr>\n\t\t<tr>\n\t\t\t<td><span style=\"font-size: 14px;\"><span style=\"color: rgb(0, 128, 0);\">ABCD<\/span><span style=\"color: rgb(255, 0, 0);\">D<\/span>EFG&nbsp; &nbsp;&nbsp;<\/span><\/td>\n\t\t\t<td><span style=\"font-size: 14px;\">4<\/span><\/td>\n\t\t<\/tr>\n\t\t<tr>\n\t\t\t<td><span style=\"font-size: 14px;\"><span style=\"color: rgb(0, 128, 0);\">A<\/span><span style=\"color: rgb(255, 0, 0);\">C<\/span>DEFG<\/span><\/td>\n\t\t\t<td><span style=\"font-size: 14px;\">1<\/span><\/td>\n\t\t<\/tr>\n\t<\/tbody>\n<\/table>\n<br \/>\n<span style=\"color: rgb(85, 85, 85); font-family: &quot;Fira Sans&quot;, sans-serif; font-size: 18px;\">Clicking the next button will advance the page and begin the memorization task. A 20 second timer will begin as soon as the page loads, and the letters will automatically be removed after 20 seconds are up.<\/span>","DefaultChoices":false,"DataExportTag":"Q1","QuestionID":"QID1","QuestionType":"DB","Selector":"TB","Configuration":{"QuestionDescriptionOption":"UseText"},"QuestionDescription":"You are invited to participate in our memorization survey. In this survey, your class will be ask...","ChoiceOrder":[],"Validation":{"Settings":{"Type":"None"}},"GradingData":[],"Language":[],"NextChoiceId":4,"NextAnswerId":1,"DataVisibility":{"Private":false,"Hidden":false}}},{"SurveyID":"SV_6JSabpU6cSBKPf8","Element":"SQ","PrimaryAttribute":"QID10","SecondaryAttribute":"You have 20 seconds to memorize as many letters as you can from the sequence below: \u00a0 JFK-CIA-FBI..","TertiaryAttribute":null,"Payload":{"QuestionText":"You have 20 seconds to memorize as many letters as you can from the sequence below:\n<div>&nbsp;<\/div>\n\n<div>\n<p><span style=\"font-size:20.0pt;mso-bidi-font-size:12.0pt\">JFK-CIA-FBI-USA-SAT-GPA-GRE-IBM-NBA-CPR<\/span><\/p>\n<\/div>","DefaultChoices":false,"QuestionType":"DB","Selector":"TB","Configuration":{"QuestionDescriptionOption":"UseText"},"QuestionDescription":"You have 20 seconds to memorize as many letters as you can from the sequence below: \u00a0 JFK-CIA-FBI...","ChoiceOrder":[],"Validation":{"Settings":{"Type":"None"}},"GradingData":[],"Language":[],"NextChoiceId":4,"NextAnswerId":1,"QuestionText_Unsafe":"You have 20 seconds to memorize as many letters as you can from the sequence below:<div><br><\/div><div><p><span style=\"font-size:20.0pt;mso-bidi-font-size:12.0pt\">JFKC-IAF-BIU-SASA-TGP-AGR-EIB-MN-BAC-PR<\/span><\/p><\/div>","DataExportTag":"Q10","QuestionID":"QID10","DataVisibility":{"Private":false,"Hidden":false}}},{"SurveyID":"SV_6JSabpU6cSBKPf8","Element":"SQ","PrimaryAttribute":"QID11","SecondaryAttribute":"Click to write the question text","TertiaryAttribute":null,"Payload":{"QuestionText":"Click to write the question text","DefaultChoices":false,"DataExportTag":"Q11","QuestionType":"Meta","Selector":"Browser","DataVisibility":{"Private":false,"Hidden":false},"Configuration":{"QuestionDescriptionOption":"UseText"},"QuestionDescription":"Click to write the question text","Choices":{"1":{"Display":"Browser","TextEntry":1},"2":{"Display":"Version","TextEntry":1},"3":{"Display":"Operating System","TextEntry":1},"4":{"Display":"Screen Resolution","TextEntry":1},"5":{"Display":"Flash Version","TextEntry":1},"6":{"Display":"Java Support","TextEntry":1},"7":{"Display":"User Agent","TextEntry":1}},"GradingData":[],"Language":[],"NextChoiceId":4,"NextAnswerId":1,"QuestionID":"QID11"}},{"SurveyID":"SV_6JSabpU6cSBKPf8","Element":"SQ","PrimaryAttribute":"QID2","SecondaryAttribute":"Timing","TertiaryAttribute":null,"Payload":{"QuestionText":"Timing","DefaultChoices":false,"DataExportTag":"JFKC","QuestionType":"Timing","Selector":"D","Configuration":{"QuestionDescriptionOption":"UseText","MinSeconds":20,"MaxSeconds":20,"ShowTimer":true,"CountDirection":"Decrementing","Seconds":20},"QuestionDescription":"Timing","Choices":{"1":{"Display":"First Click"},"2":{"Display":"Last Click"},"3":{"Display":"Page Submit"},"4":{"Display":"Click Count"}},"GradingData":[],"Language":[],"NextChoiceId":412,"NextAnswerId":1,"QuestionID":"QID2","DataVisibility":{"Private":false,"Hidden":false}}},{"SurveyID":"SV_6JSabpU6cSBKPf8","Element":"SQ","PrimaryAttribute":"QID3","SecondaryAttribute":"You have 20 seconds to memorize as many letters as you can from the sequence below: \u00a0 JFKC-IAF-BI..","TertiaryAttribute":null,"Payload":{"QuestionText":"You have 20 seconds to memorize as many letters as you can from the sequence below:\n<div>&nbsp;<\/div>\n\n<div>\n<p><span style=\"font-size:20.0pt;mso-bidi-font-size:12.0pt\">JFKC-IAF-BIU-SASA-TGP-AGR-EIB-MN-BAC-PR<\/span><\/p>\n<\/div>","DefaultChoices":false,"DataExportTag":"Q3","QuestionID":"QID3","QuestionType":"DB","Selector":"TB","Configuration":{"QuestionDescriptionOption":"UseText"},"QuestionDescription":"You have 20 seconds to memorize as many letters as you can from the sequence below: \u00a0 JFKC-IAF-BI...","ChoiceOrder":[],"Validation":{"Settings":{"Type":"None"}},"GradingData":[],"Language":[],"NextChoiceId":4,"NextAnswerId":1,"DataVisibility":{"Private":false,"Hidden":false}}},{"SurveyID":"SV_6JSabpU6cSBKPf8","Element":"SQ","PrimaryAttribute":"QID4","SecondaryAttribute":"Enter in as many letters as you can remember from the previous page. Do not type any hyphens or s...","TertiaryAttribute":null,"Payload":{"QuestionText":"Enter in as many letters as you can remember from the previous page. Do not type any hyphens or spaces, just the letters!<br>","DefaultChoices":false,"DataExportTag":"Letters","QuestionType":"TE","Selector":"SL","Configuration":{"QuestionDescriptionOption":"UseText"},"QuestionDescription":"Enter in as many letters as you can remember from the previous page. Do not type any hyphens or s...","Validation":{"Settings":{"ForceResponse":"ON","ForceResponseType":"ON","Type":"None"}},"GradingData":[],"Language":[],"NextChoiceId":4,"NextAnswerId":1,"SearchSource":{"AllowFreeResponse":"false"},"QuestionID":"QID4","DataVisibility":{"Private":false,"Hidden":false}}},{"SurveyID":"SV_6JSabpU6cSBKPf8","Element":"SQ","PrimaryAttribute":"QID5","SecondaryAttribute":"Timing","TertiaryAttribute":null,"Payload":{"QuestionText":"Timing","DefaultChoices":false,"DataExportTag":"Q5","QuestionType":"Timing","Selector":"PageTimer","Configuration":{"QuestionDescriptionOption":"UseText","MinSeconds":120,"MaxSeconds":120,"ShowTimer":true,"Seconds":120},"QuestionDescription":"Timing","Choices":{"1":{"Display":"First Click"},"2":{"Display":"Last Click"},"3":{"Display":"Page Submit"},"4":{"Display":"Click Count"}},"GradingData":[],"Language":[],"NextChoiceId":884,"NextAnswerId":1,"QuestionID":"QID5","QuestionJS":false,"DataVisibility":{"Private":false,"Hidden":false}}},{"SurveyID":"SV_6JSabpU6cSBKPf8","Element":"SQ","PrimaryAttribute":"QID6","SecondaryAttribute":"Take the next two minutes to relax. This is a good time to get your group's activity set up for t...","TertiaryAttribute":null,"Payload":{"QuestionText":"Take the next two minutes to relax. This is a good time to get your group's activity set up for the class and start working on the first few questions.&nbsp;<div><br><\/div><div><b>Reminder<\/b>: do not use any writing\/typing aids to help you remember the letters during this minute, and do not discuss any part of this memorization task with your classmates until you finish the survey!<\/div>","DefaultChoices":false,"DataExportTag":"Q6","QuestionType":"DB","Selector":"TB","Configuration":{"QuestionDescriptionOption":"UseText"},"QuestionDescription":"Take the next two minutes to relax. This is a good time to get your group's activity set up for t...","ChoiceOrder":[],"Validation":{"Settings":{"Type":"None"}},"GradingData":[],"Language":[],"NextChoiceId":4,"NextAnswerId":1,"QuestionID":"QID6","QuestionJS":false,"DataVisibility":{"Private":false,"Hidden":false}}},{"SurveyID":"SV_6JSabpU6cSBKPf8","Element":"SQ","PrimaryAttribute":"QID7","SecondaryAttribute":"Please type in your name: (You can use a pseudonym if you'd like, this is only to help you find y...","TertiaryAttribute":null,"Payload":{"QuestionText":"Please type in your name: (You can use a pseudonym if you'd like, this is only to help you find your score in the class data later!)","DefaultChoices":false,"DataExportTag":"Name","QuestionType":"TE","Selector":"SL","Configuration":{"QuestionDescriptionOption":"UseText"},"QuestionDescription":"Please type in your name: (You can use a pseudonym if you'd like, this is only to help you find y...","Validation":{"Settings":{"ForceResponse":"ON","ForceResponseType":"ON","Type":"None"}},"GradingData":[],"Language":[],"NextChoiceId":4,"NextAnswerId":1,"SearchSource":{"AllowFreeResponse":"false"},"QuestionID":"QID7","DataVisibility":{"Private":false,"Hidden":false}}},{"SurveyID":"SV_6JSabpU6cSBKPf8","Element":"SQ","PrimaryAttribute":"QID8","SecondaryAttribute":"Click to write the question text","TertiaryAttribute":null,"Payload":{"QuestionText":"Click to write the question text","DataExportTag":"Q8","QuestionType":"MC","Selector":"SAVR","SubSelector":"TX","Configuration":{"QuestionDescriptionOption":"UseText"},"QuestionDescription":"Click to write the question text","Choices":{"1":{"Display":"Click to write Choice 1"},"2":{"Display":"Click to write Choice 2"},"3":{"Display":"Click to write Choice 3"}},"ChoiceOrder":["1","2","3"],"Validation":{"Settings":{"ForceResponse":"OFF","ForceResponseType":"ON","Type":"None"}},"Language":[],"NextChoiceId":4,"NextAnswerId":1,"QuestionID":"QID8"}},{"SurveyID":"SV_6JSabpU6cSBKPf8","Element":"SQ","PrimaryAttribute":"QID9","SecondaryAttribute":"Timing","TertiaryAttribute":null,"Payload":{"QuestionText":"Timing","DefaultChoices":false,"QuestionType":"Timing","Selector":"D","Configuration":{"QuestionDescriptionOption":"UseText","MinSeconds":20,"MaxSeconds":20,"ShowTimer":true,"CountDirection":"Decrementing","Seconds":20},"QuestionDescription":"Timing","Choices":{"1":{"Display":"First Click"},"2":{"Display":"Last Click"},"3":{"Display":"Page Submit"},"4":{"Display":"Click Count"}},"GradingData":[],"Language":[],"NextChoiceId":412,"NextAnswerId":1,"DataVisibility":{"Private":false,"Hidden":false},"QuestionText_Unsafe":"Timing","DataExportTag":"JFK","QuestionID":"QID9"}},{"SurveyID":"SV_6JSabpU6cSBKPf8","Element":"STAT","PrimaryAttribute":"Survey Statistics","SecondaryAttribute":null,"TertiaryAttribute":null,"Payload":{"MobileCompatible":true,"ID":"Survey Statistics"}}]}